shylinux.com/x/go-qrcode v0.0.1 h1:/eOGqMj1qtgs9Ymd12zTUa1gcJZs9S92kj2lb0QzKsE=
shylinux.com/x/go-qrcode v0.0.1/go.mod h1:KAbtU+KwiiABMZ/CJ0zh9PI2AX82Uf9rRYcQ4ODm4po=
shylinux.com/x/go-sql-mysql v0.0.1 h1:VX5SrwLBKzfkRouj39LgJ9reIXOWmMsScRpr+e0qdp0=
shylinux.com/x/go-sql-mysql v0.0.1/go.mod h1:47OfAZK24HRJMy7dAu/jrksGCf9yzJaAUFwWYjhDFDA=
shylinux.com/x/golang-story v0.4.4 h1:1lHgsqRaz+ZjXMKfJGfoj8hiDCt5uEW1z4qzxZrIn6c=
shylinux.com/x/golang-story v0.4.4/go.mod h1:4p8LxfI7nT0McKTAo0map2Cd8NCBINH7DkVOoAW31jk=
shylinux.com/x/ice v0.9.9 h1:gmAw2sz09Lll+2ppMK8I+XtGWLZ1XNyYVJCWFudF6xU=
shylinux.com/x/ice v0.9.9/go.mod h1:9zZRlYWlqsm2+VJlUqowLj1BaV/FmYHgcjS0NwZqXb4=
shylinux.com/x/icebergs v1.2.6 h1:oVquvJI8auhsWgmEVGLVpn3cCqy8CdRKnn/vK+HXZQY=
shylinux.com/x/icebergs v1.2.6/go.mod h1:zoEhlaCsUxAqKG4l+IPY35bbT1ACb8DFBb/xzjCDuvc=
shylinux.com/x/linux-story v0.4.2 h1:GpNNbZTYPtjodmPpktVjkkKMYhUDNuqifyk1HztiZP0=
shylinux.com/x/linux-story v0.4.2/go.mod h1:s78Aa43KV84UrTDSPa1SZvtWB8h5Wcx0kX+lx60qjNI=
shylinux.com/x/mysql-story v0.4.5 h1:bTFdZt9EQZaBBKLXjBPc+AsApxeUI3ZZbpxCZlBt08I=
shylinux.com/x/mysql-story v0.4.5/go.mod h1:DCSvoqmbUEWLhMrLokphBUGemvEwcghXmwRJdxGIZOA=
shylinux.com/x/nginx-story v0.4.5 h1:z9TbiwztrupoFKmaOLt5LIh5GIfmFHmgJCXiuqwPcrY=
shylinux.com/x/nginx-story v0.4.5/go.mod h1:zDCAs4gu6eaz0FwubeU1QYZ2uUDo3fx48EXaHPCwoAs=
shylinux.com/x/redis-story v0.4.5 h1:nn4BOcZlKBpD4O2xj3wbnWWZHVrNk4+1NIDLgnvQnBg=
shylinux.com/x/redis-story v0.4.5/go.mod h1:rOVVzL9DLlC1Z68+qa9qFb2itNyU2gobnT5yssH8XuE=
shylinux.com/x/toolkits v0.6.1 h1:ePUEz8v+vz6nhaF0SImQ+nk/4OMAc0FfDmUEyH3v3kA=
shylinux.com/x/toolkits v0.6.1/go.mod h1:8LbYHe7oxBIqb6s4MSOD+4d28QvPdvkyCVtwB/JW7AA=
shylinux.com/x/websocket v0.0.1 h1:OBc21DxqsGlQ2+Pz76xqLyDNo1LV+PUUqfWi+1PZPDE=
shylinux.com/x/websocket v0.0.1/go.mod h1:AaSpMToOxbMULKQytzczeHPuqb708vK1vrAzCxLo/XE=
