shylinux.com/x/go-qrcode v0.0.1 h1:/eOGqMj1qtgs9Ymd12zTUa1gcJZs9S92kj2lb0QzKsE=
shylinux.com/x/go-qrcode v0.0.1/go.mod h1:KAbtU+KwiiABMZ/CJ0zh9PI2AX82Uf9rRYcQ4ODm4po=
shylinux.com/x/go-sql-mysql v0.0.1 h1:VX5SrwLBKzfkRouj39LgJ9reIXOWmMsScRpr+e0qdp0=
shylinux.com/x/go-sql-mysql v0.0.1/go.mod h1:47OfAZK24HRJMy7dAu/jrksGCf9yzJaAUFwWYjhDFDA=
shylinux.com/x/golang-story v0.4.0 h1:wh1j/QwE+K2P/Lhpu/69Oz7lq4T36uv57Gwn5+cm3js=
shylinux.com/x/golang-story v0.4.0/go.mod h1:YnxxNGf1G5c1YhnJQjJFOBtdH4oVubApJVv/mwR1gzU=
shylinux.com/x/ice v0.9.2 h1:vQJ2Y0XEam0MZPsks0NwReMtBVR520oLV//kAEHPjSA=
shylinux.com/x/ice v0.9.2/go.mod h1:PpQGqtfeQj/MvE/55iDuzdkzN7lcZu7fglI+5/YDudY=
shylinux.com/x/icebergs v1.1.8 h1:s++RU9noOeR+g/oChxKBFV8JtNKWchL/iKzwtiwDsvE=
shylinux.com/x/icebergs v1.1.8/go.mod h1:IWYdPq5nI+Vcr/5m7xvScBM1DyOsQZDDvBa0ffyIOBM=
shylinux.com/x/linux-story v0.3.8 h1:1oAFhhs8p7PRLmg1mrIb6y7xe6IK6E/DQXOjx7n+QrY=
shylinux.com/x/linux-story v0.3.8/go.mod h1:W/QN4t6ZHVaFQ9djKIp824ZAAttZXNexzY7FwsYDU7Y=
shylinux.com/x/mysql-story v0.4.1 h1:6T+bK0IOy9y+lGqWjO1Sv9D1oKy59kMQ5sZVmWJCDdc=
shylinux.com/x/mysql-story v0.4.1/go.mod h1:xgNzoJQSIIO/TnY3VYPeiPJQT2OIMH7ZKepf7YKPvxw=
shylinux.com/x/nginx-story v0.4.1 h1:YUz8f5v4z6gqGT3TZVEiNPRgA8FsCVfmOIOXn+LS5tU=
shylinux.com/x/nginx-story v0.4.1/go.mod h1:WC4YB+BFg+3mDO/zSZk0iMlZOTQ1H1KzAD+0T9/3Gxg=
shylinux.com/x/redis-story v0.4.1 h1:nwsawHizGZoo+rSxkmaJ+JZcrIj7HuOToAZyKYQtcDY=
shylinux.com/x/redis-story v0.4.1/go.mod h1:Uqs1TtW8aFuGhIVxsMNJjATkmIXesbWDUFeegY+Sr0w=
shylinux.com/x/toolkits v0.5.8 h1:8MhHLmglPTPiXAdUgAJXx+gOxJoQzmpNeC7QzsZcjJw=
shylinux.com/x/toolkits v0.5.8/go.mod h1:8LbYHe7oxBIqb6s4MSOD+4d28QvPdvkyCVtwB/JW7AA=
shylinux.com/x/websocket v0.0.1 h1:OBc21DxqsGlQ2+Pz76xqLyDNo1LV+PUUqfWi+1PZPDE=
shylinux.com/x/websocket v0.0.1/go.mod h1:AaSpMToOxbMULKQytzczeHPuqb708vK1vrAzCxLo/XE=
