shylinux.com/x/go-qrcode v0.0.1 h1:/eOGqMj1qtgs9Ymd12zTUa1gcJZs9S92kj2lb0QzKsE=
shylinux.com/x/go-qrcode v0.0.1/go.mod h1:KAbtU+KwiiABMZ/CJ0zh9PI2AX82Uf9rRYcQ4ODm4po=
shylinux.com/x/go-sql-mysql v0.0.1 h1:VX5SrwLBKzfkRouj39LgJ9reIXOWmMsScRpr+e0qdp0=
shylinux.com/x/go-sql-mysql v0.0.1/go.mod h1:47OfAZK24HRJMy7dAu/jrksGCf9yzJaAUFwWYjhDFDA=
shylinux.com/x/golang-story v0.4.1 h1:iuRNIwFadq9BHvseM4T/aP4xqYb6Rbc0SpsbhxDdHDU=
shylinux.com/x/golang-story v0.4.1/go.mod h1:kcramwpYpwFcU0z3uJG4ya2dYi22Lu2J910tF6lnFIc=
shylinux.com/x/ice v0.9.4 h1:gByY3wm65J00YmOCgWp9jES+oBVrIY5tVKiujAYdWk8=
shylinux.com/x/ice v0.9.4/go.mod h1:fJizLycMNr01ROgzBYDyrNXH72IvQjiU67VdAAm/jKg=
shylinux.com/x/icebergs v1.2.0 h1:/zaEdaR00ApBxn/Yx9WYeRy/ywFNEFsdiLUn1cBX/Bg=
shylinux.com/x/icebergs v1.2.0/go.mod h1:zCAydrOC+MFmbn5SzhgdL0dhzUALiTjeT0psU2QyQ8Y=
shylinux.com/x/linux-story v0.3.9 h1:iVodBtjXOJVqdNUN5LA18Yy5AYzChnAuWWpXMybd2qU=
shylinux.com/x/linux-story v0.3.9/go.mod h1:BQK60f27wMOlfp+VYnWs6Lp0MIB68vfcA0E3HhbthZU=
shylinux.com/x/mysql-story v0.4.2 h1:pmDRkH1bVpQu4JH5b4C62HbKSYdqgcLlSJDsyHNOfYY=
shylinux.com/x/mysql-story v0.4.2/go.mod h1:awcQ8H8hH9Nhv4wbfeTaza4BddwaN4FKgcRLSmDqC1M=
shylinux.com/x/nginx-story v0.4.2 h1:bBTmFEnaxvK7dzMrAu7kRRWZTl6wCmhdhDAsy0QweJI=
shylinux.com/x/nginx-story v0.4.2/go.mod h1:iTe5dv9WxRytM7IwFh6lswgx3Dk3ue+n6TBbMlykY78=
shylinux.com/x/redis-story v0.4.2 h1:GYyDIvCpUqvfmkmOae4DKVqF1iK8cJUZSfpn9vrWvL4=
shylinux.com/x/redis-story v0.4.2/go.mod h1:lfjwBLPQN9PUStoSURmK+oHLXbaKso4bje88J+sFuLs=
shylinux.com/x/toolkits v0.5.9 h1:d2x4hNp9ariX66w8dsY8qFsPYtP0MYdOhh+exmqECDo=
shylinux.com/x/toolkits v0.5.9/go.mod h1:8LbYHe7oxBIqb6s4MSOD+4d28QvPdvkyCVtwB/JW7AA=
shylinux.com/x/websocket v0.0.1 h1:OBc21DxqsGlQ2+Pz76xqLyDNo1LV+PUUqfWi+1PZPDE=
shylinux.com/x/websocket v0.0.1/go.mod h1:AaSpMToOxbMULKQytzczeHPuqb708vK1vrAzCxLo/XE=
